
Microsoft Visual Studio Solution File, Format Version 12.00
# Visual Studio 2013
VisualStudioVersion = 12.0.21005.1
MinimumVisualStudioVersion = 10.0.40219.1
Project("{2150E333-8FDC-42A3-9474-1A3956D46DE8}") = "1.Data Layer", "1.Data Layer", "{5B81049D-11D5-4F7A-9A94-32AD4AF53064}"
EndProject
Project("{2150E333-8FDC-42A3-9474-1A3956D46DE8}") = "2.Business Layer", "2.Business Layer", "{C8B56D19-15FA-4D0B-8F3F-C8C7A41AA584}"
EndProject
Project("{2150E333-8FDC-42A3-9474-1A3956D46DE8}") = "3.Ui Layer", "3.Ui Layer", "{D063E2F1-6AB3-4B55-8550-18572D1DE88E}"
EndProject
Project("{2150E333-8FDC-42A3-9474-1A3956D46DE8}") = "4.Common Layer", "4.Common Layer", "{0D96925B-2B81-43EA-82C4-C379DFAC9F44}"
EndProject
Project("{2150E333-8FDC-42A3-9474-1A3956D46DE8}") = "5.Solution", "5.Solution", "{87074195-6B02-4A39-BD7E-32D3D1A6FA29}"
EndProject
Project("{FAE04EC0-301F-11D3-BF4B-00C04F79EFBC}") = "Accounting.Ui.Forms.MainApp", "..\3.Ui Layer\Accounting.Ui.Forms.MainApp\Accounting.Ui.Forms.MainApp.csproj", "{AEF9CEC4-A054-463E-A11F-4E998D1F03A7}"
EndProject
Project("{FAE04EC0-301F-11D3-BF4B-00C04F79EFBC}") = "Accounting.Bl", "..\2.Business Layer\Accounting.Bl\Accounting.Bl.csproj", "{1A0EDF32-D62F-425D-91C5-4DD6B3A7C3A3}"
EndProject
Project("{FAE04EC0-301F-11D3-BF4B-00C04F79EFBC}") = "Accounting.Dl", "..\1.Data Layer\Accounting.Dl\Accounting.Dl.csproj", "{134A5019-9917-4160-9ACE-225D3CA38BB1}"
EndProject
Project("{2150E333-8FDC-42A3-9474-1A3956D46DE8}") = "Library", "Library", "{DB30B4C0-2976-46FE-8E1D-4A97EB802229}"
EndProject
Project("{FAE04EC0-301F-11D3-BF4B-00C04F79EFBC}") = "Accounting.Dl.Model", "..\1.Data Layer\Accounting.Dl.Model\Accounting.Dl.Model.csproj", "{A405DCDF-C62A-4CFA-A206-FD2E40360850}"
EndProject
Global
	GlobalSection(SolutionConfigurationPlatforms) = preSolution
		Debug|Any CPU = Debug|Any CPU
		Release|Any CPU = Release|Any CPU
	EndGlobalSection
	GlobalSection(ProjectConfigurationPlatforms) = postSolution
		{AEF9CEC4-A054-463E-A11F-4E998D1F03A7}.Debug|Any CPU.ActiveCfg = Debug|Any CPU
		{AEF9CEC4-A054-463E-A11F-4E998D1F03A7}.Debug|Any CPU.Build.0 = Debug|Any CPU
		{AEF9CEC4-A054-463E-A11F-4E998D1F03A7}.Release|Any CPU.ActiveCfg = Release|Any CPU
		{AEF9CEC4-A054-463E-A11F-4E998D1F03A7}.Release|Any CPU.Build.0 = Release|Any CPU
		{1A0EDF32-D62F-425D-91C5-4DD6B3A7C3A3}.Debug|Any CPU.ActiveCfg = Debug|Any CPU
		{1A0EDF32-D62F-425D-91C5-4DD6B3A7C3A3}.Debug|Any CPU.Build.0 = Debug|Any CPU
		{1A0EDF32-D62F-425D-91C5-4DD6B3A7C3A3}.Release|Any CPU.ActiveCfg = Release|Any CPU
		{1A0EDF32-D62F-425D-91C5-4DD6B3A7C3A3}.Release|Any CPU.Build.0 = Release|Any CPU
		{134A5019-9917-4160-9ACE-225D3CA38BB1}.Debug|Any CPU.ActiveCfg = Debug|Any CPU
		{134A5019-9917-4160-9ACE-225D3CA38BB1}.Debug|Any CPU.Build.0 = Debug|Any CPU
		{134A5019-9917-4160-9ACE-225D3CA38BB1}.Release|Any CPU.ActiveCfg = Release|Any CPU
		{134A5019-9917-4160-9ACE-225D3CA38BB1}.Release|Any CPU.Build.0 = Release|Any CPU
		{A405DCDF-C62A-4CFA-A206-FD2E40360850}.Debug|Any CPU.ActiveCfg = Debug|Any CPU
		{A405DCDF-C62A-4CFA-A206-FD2E40360850}.Debug|Any CPU.Build.0 = Debug|Any CPU
		{A405DCDF-C62A-4CFA-A206-FD2E40360850}.Release|Any CPU.ActiveCfg = Release|Any CPU
		{A405DCDF-C62A-4CFA-A206-FD2E40360850}.Release|Any CPU.Build.0 = Release|Any CPU
	EndGlobalSection
	GlobalSection(SolutionProperties) = preSolution
		HideSolutionNode = FALSE
	EndGlobalSection
	GlobalSection(NestedProjects) = preSolution
		{134A5019-9917-4160-9ACE-225D3CA38BB1} = {5B81049D-11D5-4F7A-9A94-32AD4AF53064}
		{A405DCDF-C62A-4CFA-A206-FD2E40360850} = {5B81049D-11D5-4F7A-9A94-32AD4AF53064}
		{1A0EDF32-D62F-425D-91C5-4DD6B3A7C3A3} = {C8B56D19-15FA-4D0B-8F3F-C8C7A41AA584}
		{AEF9CEC4-A054-463E-A11F-4E998D1F03A7} = {D063E2F1-6AB3-4B55-8550-18572D1DE88E}
		{DB30B4C0-2976-46FE-8E1D-4A97EB802229} = {0D96925B-2B81-43EA-82C4-C379DFAC9F44}
	EndGlobalSection
EndGlobal
